// !$*UTF8*$!
{
	archiveVersion = 1;
	classes = {
	};
	objectVersion = 56;
	objects = {

/* Begin PBXBuildFile section */
		B17412022B0C5970005B90F1 /* AppDelegate.swift in Sources */ = {isa = PBXBuildFile; fileRef = B17412012B0C5970005B90F1 /* AppDelegate.swift */; };
		B17412042B0C5970005B90F1 /* SceneDelegate.swift in Sources */ = {isa = PBXBuildFile; fileRef = B17412032B0C5970005B90F1 /* SceneDelegate.swift */; };
		B17412062B0C5970005B90F1 /* ViewController.swift in Sources */ = {isa = PBXBuildFile; fileRef = B17412052B0C5970005B90F1 /* ViewController.swift */; };
		B17412092B0C5970005B90F1 /* Main.storyboard in Resources */ = {isa = PBXBuildFile; fileRef = B17412072B0C5970005B90F1 /* Main.storyboard */; };
		B174120B2B0C5970005B90F1 /* Assets.xcassets in Resources */ = {isa = PBXBuildFile; fileRef = B174120A2B0C5970005B90F1 /* Assets.xcassets */; };
		B174120E2B0C5970005B90F1 /* LaunchScreen.storyboard in Resources */ = {isa = PBXBuildFile; fileRef = B174120C2B0C5970005B90F1 /* LaunchScreen.storyboard */; };
		B17412162B0C5BB9005B90F1 /* FirstViewController.swift in Sources */ = {isa = PBXBuildFile; fileRef = B17412152B0C5BB9005B90F1 /* FirstViewController.swift */; };
		B17412182B0C5BDD005B90F1 /* TodoViewController.swift in Sources */ = {isa = PBXBuildFile; fileRef = B17412172B0C5BDD005B90F1 /* TodoViewController.swift */; };
		B174121A2B0C5C0A005B90F1 /* MeditationViewController.swift in Sources */ = {isa = PBXBuildFile; fileRef = B17412192B0C5C0A005B90F1 /* MeditationViewController.swift */; };
		B174121C2B0C5C26005B90F1 /* BackHomeViewController.swift in Sources */ = {isa = PBXBuildFile; fileRef = B174121B2B0C5C26005B90F1 /* BackHomeViewController.swift */; };
/* End PBXBuildFile section */

/* Begin PBXFileReference section */
		B17411FE2B0C5970005B90F1 /* Rise.app */ = {isa = PBXFileReference; explicitFileType = wrapper.application; includeInIndex = 0; path = Rise.app; sourceTree = BUILT_PRODUCTS_DIR; };
		B17412012B0C5970005B90F1 /* AppDelegate.swift */ = {isa = PBXFileReference; lastKnownFileType = sourcecode.swift; path = AppDelegate.swift; sourceTree = "<group>"; };
		B17412032B0C5970005B90F1 /* SceneDelegate.swift */ = {isa = PBXFileReference; lastKnownFileType = sourcecode.swift; path = SceneDelegate.swift; sourceTree = "<group>"; };
		B17412052B0C5970005B90F1 /* ViewController.swift */ = {isa = PBXFileReference; lastKnownFileType = sourcecode.swift; path = ViewController.swift; sourceTree = "<group>"; };
		B17412082B0C5970005B90F1 /* Base */ = {isa = PBXFileReference; lastKnownFileType = file.storyboard; name = Base; path = Base.lproj/Main.storyboard; sourceTree = "<group>"; };
		B174120A2B0C5970005B90F1 /* Assets.xcassets */ = {isa = PBXFileReference; lastKnownFileType = folder.assetcatalog; path = Assets.xcassets; sourceTree = "<group>"; };
		B174120D2B0C5970005B90F1 /* Base */ = {isa = PBXFileReference; lastKnownFileType = file.storyboard; name = Base; path = Base.lproj/LaunchScreen.storyboard; sourceTree = "<group>"; };
		B174120F2B0C5970005B90F1 /* Info.plist */ = {isa = PBXFileReference; lastKnownFileType = text.plist.xml; path = Info.plist; sourceTree = "<group>"; };
		B17412152B0C5BB9005B90F1 /* FirstViewController.swift */ = {isa = PBXFileReference; lastKnownFileType = sourcecode.swift; path = FirstViewController.swift; sourceTree = "<group>"; };
		B17412172B0C5BDD005B90F1 /* TodoViewController.swift */ = {isa = PBXFileReference; lastKnownFileType = sourcecode.swift; path = TodoViewController.swift; sourceTree = "<group>"; };
		B17412192B0C5C0A005B90F1 /* MeditationViewController.swift */ = {isa = PBXFileReference; lastKnownFileType = sourcecode.swift; path = MeditationViewController.swift; sourceTree = "<group>"; };
		B174121B2B0C5C26005B90F1 /* BackHomeViewController.swift */ = {isa = PBXFileReference; lastKnownFileType = sourcecode.swift; path = BackHomeViewController.swift; sourceTree = "<group>"; };
/* End PBXFileReference section */

/* Begin PBXFrameworksBuildPhase section */
		B17411FB2B0C5970005B90F1 /* Frameworks */ = {
			isa = PBXFrameworksBuildPhase;
			buildActionMask = 2147483647;
			files = (
			);
			runOnlyForDeploymentPostprocessing = 0;
		};
/* End PBXFrameworksBuildPhase section */

/* Begin PBXGroup section */
		B17411F52B0C596F005B90F1 = {
			isa = PBXGroup;
			children = (
				B17412002B0C5970005B90F1 /* Rise */,
				B17411FF2B0C5970005B90F1 /* Products */,
			);
			sourceTree = "<group>";
		};
		B17411FF2B0C5970005B90F1 /* Products */ = {
			isa = PBXGroup;
			children = (
				B17411FE2B0C5970005B90F1 /* Rise.app */,
			);
			name = Products;
			sourceTree = "<group>";
		};
		B17412002B0C5970005B90F1 /* Rise */ = {
			isa = PBXGroup;
			children = (
				B1BE49F82B0C7D9300C3BE38 /* View */,
				B17412012B0C5970005B90F1 /* AppDelegate.swift */,
				B17412032B0C5970005B90F1 /* SceneDelegate.swift */,
				B17412072B0C5970005B90F1 /* Main.storyboard */,
				B174120A2B0C5970005B90F1 /* Assets.xcassets */,
				B174120C2B0C5970005B90F1 /* LaunchScreen.storyboard */,
				B174120F2B0C5970005B90F1 /* Info.plist */,
			);
			path = Rise;
			sourceTree = "<group>";
		};
		B1BE49F82B0C7D9300C3BE38 /* View */ = {
			isa = PBXGroup;
			children = (
				B17412052B0C5970005B90F1 /* ViewController.swift */,
				B17412152B0C5BB9005B90F1 /* FirstViewController.swift */,
				B17412172B0C5BDD005B90F1 /* TodoViewController.swift */,
				B17412192B0C5C0A005B90F1 /* MeditationViewController.swift */,
				B174121B2B0C5C26005B90F1 /* BackHomeViewController.swift */,
			);
			path = View;
			sourceTree = "<group>";
		};
/* End PBXGroup section */

/* Begin PBXNativeTarget section */
		B17411FD2B0C5970005B90F1 /* Rise */ = {
			isa = PBXNativeTarget;
			buildConfigurationList = B17412122B0C5970005B90F1 /* Build configuration list for PBXNativeTarget "Rise" */;
			buildPhases = (
				B17411FA2B0C5970005B90F1 /* Sources */,
				B17411FB2B0C5970005B90F1 /* Frameworks */,
				B17411FC2B0C5970005B90F1 /* Resources */,
			);
			buildRules = (
			);
			dependencies = (
			);
			name = Rise;
			productName = Rise;
			productReference = B17411FE2B0C5970005B90F1 /* Rise.app */;
			productType = "com.apple.product-type.application";
		};
/* End PBXNativeTarget section */

/* Begin PBXProject section */
		B17411F62B0C596F005B90F1 /* Project object */ = {
			isa = PBXProject;
			attributes = {
				BuildIndependentTargetsInParallel = 1;
				LastSwiftUpdateCheck = 1500;
				LastUpgradeCheck = 1500;
				TargetAttributes = {
					B17411FD2B0C5970005B90F1 = {
						CreatedOnToolsVersion = 15.0.1;
					};
				};
			};
			buildConfigurationList = B17411F92B0C596F005B90F1 /* Build configuration list for PBXProject "Rise" */;
			compatibilityVersion = "Xcode 14.0";
			developmentRegion = en;
			hasScannedForEncodings = 0;
			knownRegions = (
				en,
				Base,
			);
			mainGroup = B17411F52B0C596F005B90F1;
			productRefGroup = B17411FF2B0C5970005B90F1 /* Products */;
			projectDirPath = "";
			projectRoot = "";
			targets = (
				B17411FD2B0C5970005B90F1 /* Rise */,
			);
		};
/* End PBXProject section */

/* Begin PBXResourcesBuildPhase section */
		B17411FC2B0C5970005B90F1 /* Resources */ = {
			isa = PBXResourcesBuildPhase;
			buildActionMask = 2147483647;
			files = (
				B174120E2B0C5970005B90F1 /* LaunchScreen.storyboard in Resources */,
				B174120B2B0C5970005B90F1 /* Assets.xcassets in Resources */,
				B17412092B0C5970005B90F1 /* Main.storyboard in Resources */,
			);
			runOnlyForDeploymentPostprocessing = 0;
		};
/* End PBXResourcesBuildPhase section */

/* Begin PBXSourcesBuildPhase section */
		B17411FA2B0C5970005B90F1 /* Sources */ = {
			isa = PBXSourcesBuildPhase;
			buildActionMask = 2147483647;
			files = (
				B17412182B0C5BDD005B90F1 /* TodoViewController.swift in Sources */,
				B174121C2B0C5C26005B90F1 /* BackHomeViewController.swift in Sources */,
				B17412062B0C5970005B90F1 /* ViewController.swift in Sources */,
				B17412022B0C5970005B90F1 /* AppDelegate.swift in Sources */,
				B17412042B0C5970005B90F1 /* SceneDelegate.swift in Sources */,
				B174121A2B0C5C0A005B90F1 /* MeditationViewController.swift in Sources */,
				B17412162B0C5BB9005B90F1 /* FirstViewController.swift in Sources */,
			);
			runOnlyForDeploymentPostprocessing = 0;
		};
/* End PBXSourcesBuildPhase section */

/* Begin PBXVariantGroup section */
		B17412072B0C5970005B90F1 /* Main.storyboard */ = {
			isa = PBXVariantGroup;
			children = (
				B17412082B0C5970005B90F1 /* Base */,
			);
			name = Main.storyboard;
			sourceTree = "<group>";
		};
		B174120C2B0C5970005B90F1 /* LaunchScreen.storyboard */ = {
			isa = PBXVariantGroup;
			children = (
				B174120D2B0C5970005B90F1 /* Base */,
			);
			name = LaunchScreen.storyboard;
			sourceTree = "<group>";
		};
/* End PBXVariantGroup section */

/* Begin XCBuildConfiguration section */
		B17412102B0C5970005B90F1 /* Debug */ = {
			isa = XCBuildConfiguration;
			buildSettings = {
				ALWAYS_SEARCH_USER_PATHS = NO;
				ASSETCATALOG_COMPILER_GENERATE_SWIFT_ASSET_SYMBOL_EXTENSIONS = YES;
				CLANG_ANALYZER_NONNULL = YES;
				CLANG_ANALYZER_NUMBER_OBJECT_CONVERSION = YES_AGGRESSIVE;
				CLANG_CXX_LANGUAGE_STANDARD = "gnu++20";
				CLANG_ENABLE_MODULES = YES;
				CLANG_ENABLE_OBJC_ARC = YES;
				CLANG_ENABLE_OBJC_WEAK = YES;
				CLANG_WARN_BLOCK_CAPTURE_AUTORELEASING = YES;
				CLANG_WARN_BOOL_CONVERSION = YES;
				CLANG_WARN_COMMA = YES;
				CLANG_WARN_CONSTANT_CONVERSION = YES;
				CLANG_WARN_DEPRECATED_OBJC_IMPLEMENTATIONS = YES;
				CLANG_WARN_DIRECT_OBJC_ISA_USAGE = YES_ERROR;
				CLANG_WARN_DOCUMENTATION_COMMENTS = YES;
				CLANG_WARN_EMPTY_BODY = YES;
				CLANG_WARN_ENUM_CONVERSION = YES;
				CLANG_WARN_INFINITE_RECURSION = YES;
				CLANG_WARN_INT_CONVERSION = YES;
				CLANG_WARN_NON_LITERAL_NULL_CONVERSION = YES;
				CLANG_WARN_OBJC_IMPLICIT_RETAIN_SELF = YES;
				CLANG_WARN_OBJC_LITERAL_CONVERSION = YES;
				CLANG_WARN_OBJC_ROOT_CLASS = YES_ERROR;
				CLANG_WARN_QUOTED_INCLUDE_IN_FRAMEWORK_HEADER = YES;
				CLANG_WARN_RANGE_LOOP_ANALYSIS = YES;
				CLANG_WARN_STRICT_PROTOTYPES = YES;
				CLANG_WARN_SUSPICIOUS_MOVE = YES;
				CLANG_WARN_UNGUARDED_AVAILABILITY = YES_AGGRESSIVE;
				CLANG_WARN_UNREACHABLE_CODE = YES;
				CLANG_WARN__DUPLICATE_METHOD_MATCH = YES;
				COPY_PHASE_STRIP = NO;
				DEBUG_INFORMATION_FORMAT = dwarf;
				ENABLE_STRICT_OBJC_MSGSEND = YES;
				ENABLE_TESTABILITY = YES;
				ENABLE_USER_SCRIPT_SANDBOXING = YES;
				GCC_C_LANGUAGE_STANDARD = gnu17;
				GCC_DYNAMIC_NO_PIC = NO;
				GCC_NO_COMMON_BLOCKS = YES;
				GCC_OPTIMIZATION_LEVEL = 0;
				GCC_PREPROCESSOR_DEFINITIONS = (
					"DEBUG=1",
					"$(inherited)",
				);
				GCC_WARN_64_TO_32_BIT_CONVERSION = YES;
				GCC_WARN_ABOUT_RETURN_TYPE = YES_ERROR;
				GCC_WARN_UNDECLARED_SELECTOR = YES;
				GCC_WARN_UNINITIALIZED_AUTOS = YES_AGGRESSIVE;
				GCC_WARN_UNUSED_FUNCTION = YES;
				GCC_WARN_UNUSED_VARIABLE = YES;
				IPHONEOS_DEPLOYMENT_TARGET = 17.0;
				LOCALIZATION_PREFERS_STRING_CATALOGS = YES;
				MTL_ENABLE_DEBUG_INFO = INCLUDE_SOURCE;
				MTL_FAST_MATH = YES;
				ONLY_ACTIVE_ARCH = YES;
				SDKROOT = iphoneos;
				SWIFT_ACTIVE_COMPILATION_CONDITIONS = "DEBUG $(inherited)";
				SWIFT_OPTIMIZATION_LEVEL = "-Onone";
			};
			name = Debug;
		};
		B17412112B0C5970005B90F1 /* Release */ = {
			isa = XCBuildConfiguration;
			buildSettings = {
				ALWAYS_SEARCH_USER_PATHS = NO;
				ASSETCATALOG_COMPILER_GENERATE_SWIFT_ASSET_SYMBOL_EXTENSIONS = YES;
				CLANG_ANALYZER_NONNULL = YES;
				CLANG_ANALYZER_NUMBER_OBJECT_CONVERSION = YES_AGGRESSIVE;
				CLANG_CXX_LANGUAGE_STANDARD = "gnu++20";
				CLANG_ENABLE_MODULES = YES;
				CLANG_ENABLE_OBJC_ARC = YES;
				CLANG_ENABLE_OBJC_WEAK = YES;
				CLANG_WARN_BLOCK_CAPTURE_AUTORELEASING = YES;
				CLANG_WARN_BOOL_CONVERSION = YES;
				CLANG_WARN_COMMA = YES;
				CLANG_WARN_CONSTANT_CONVERSION = YES;
				CLANG_WARN_DEPRECATED_OBJC_IMPLEMENTATIONS = YES;
				CLANG_WARN_DIRECT_OBJC_ISA_USAGE = YES_ERROR;
				CLANG_WARN_DOCUMENTATION_COMMENTS = YES;
				CLANG_WARN_EMPTY_BODY = YES;
				CLANG_WARN_ENUM_CONVERSION = YES;
				CLANG_WARN_INFINITE_RECURSION = YES;
				CLANG_WARN_INT_CONVERSION = YES;
				CLANG_WARN_NON_LITERAL_NULL_CONVERSION = YES;
				CLANG_WARN_OBJC_IMPLICIT_RETAIN_SELF = YES;
				CLANG_WARN_OBJC_LITERAL_CONVERSION = YES;
				CLANG_WARN_OBJC_ROOT_CLASS = YES_ERROR;
				CLANG_WARN_QUOTED_INCLUDE_IN_FRAMEWORK_HEADER = YES;
				CLANG_WARN_RANGE_LOOP_ANALYSIS = YES;
				CLANG_WARN_STRICT_PROTOTYPES = YES;
				CLANG_WARN_SUSPICIOUS_MOVE = YES;
				CLANG_WARN_UNGUARDED_AVAILABILITY = YES_AGGRESSIVE;
				CLANG_WARN_UNREACHABLE_CODE = YES;
				CLANG_WARN__DUPLICATE_METHOD_MATCH = YES;
				COPY_PHASE_STRIP = NO;
				DEBUG_INFORMATION_FORMAT = "dwarf-with-dsym";
				ENABLE_NS_ASSERTIONS = NO;
				ENABLE_STRICT_OBJC_MSGSEND = YES;
				ENABLE_USER_SCRIPT_SANDBOXING = YES;
				GCC_C_LANGUAGE_STANDARD = gnu17;
				GCC_NO_COMMON_BLOCKS = YES;
				GCC_WARN_64_TO_32_BIT_CONVERSION = YES;
				GCC_WARN_ABOUT_RETURN_TYPE = YES_ERROR;
				GCC_WARN_UNDECLARED_SELECTOR = YES;
				GCC_WARN_UNINITIALIZED_AUTOS = YES_AGGRESSIVE;
				GCC_WARN_UNUSED_FUNCTION = YES;
				GCC_WARN_UNUSED_VARIABLE = YES;
				IPHONEOS_DEPLOYMENT_TARGET = 17.0;
				LOCALIZATION_PREFERS_STRING_CATALOGS = YES;
				MTL_ENABLE_DEBUG_INFO = NO;
				MTL_FAST_MATH = YES;
				SDKROOT = iphoneos;
				SWIFT_COMPILATION_MODE = wholemodule;
				VALIDATE_PRODUCT = YES;
			};
			name = Release;
		};
		B17412132B0C5970005B90F1 /* Debug */ = {
			isa = XCBuildConfiguration;
			buildSettings = {
				ASSETCATALOG_COMPILER_APPICON_NAME = AppIcon;
				ASSETCATALOG_COMPILER_GLOBAL_ACCENT_COLOR_NAME = AccentColor;
				CODE_SIGN_STYLE = Automatic;
				CURRENT_PROJECT_VERSION = 1;
				DEVELOPMENT_TEAM = 5VC48895AQ;
				GENERATE_INFOPLIST_FILE = YES;
				INFOPLIST_FILE = Rise/Info.plist;
				INFOPLIST_KEY_UIApplicationSupportsIndirectInputEvents = YES;
				INFOPLIST_KEY_UILaunchStoryboardName = LaunchScreen;
				INFOPLIST_KEY_UIMainStoryboardFile = Main;
				INFOPLIST_KEY_UISupportedInterfaceOrientations_iPad = "UIInterfaceOrientationPortrait UIInterfaceOrientationPortraitUpsideDown UIInterfaceOrientationLandscapeLeft UIInterfaceOrientationLandscapeRight";
				INFOPLIST_KEY_UISupportedInterfaceOrientations_iPhone = "UIInterfaceOrientationPortrait UIInterfaceOrientationLandscapeLeft UIInterfaceOrientationLandscapeRight";
				LD_RUNPATH_SEARCH_PATHS = (
					"$(inherited)",
					"@executable_path/Frameworks",
				);
				MARKETING_VERSION = 1.0;
				PRODUCT_BUNDLE_IDENTIFIER = jp.issei.ueda.Rise;
				PRODUCT_NAME = "$(TARGET_NAME)";
				SWIFT_EMIT_LOC_STRINGS = YES;
				SWIFT_VERSION = 5.0;
				TARGETED_DEVICE_FAMILY = "1,2";
			};
			name = Debug;
		};
		B17412142B0C5970005B90F1 /* Release */ = {
			isa = XCBuildConfiguration;
			buildSettings = {
				ASSETCATALOG_COMPILER_APPICON_NAME = AppIcon;
				ASSETCATALOG_COMPILER_GLOBAL_ACCENT_COLOR_NAME = AccentColor;
				CODE_SIGN_STYLE = Automatic;
				CURRENT_PROJECT_VERSION = 1;
				DEVELOPMENT_TEAM = 5VC48895AQ;
				GENERATE_INFOPLIST_FILE = YES;
				INFOPLIST_FILE = Rise/Info.plist;
				INFOPLIST_KEY_UIApplicationSupportsIndirectInputEvents = YES;
				INFOPLIST_KEY_UILaunchStoryboardName = LaunchScreen;
				INFOPLIST_KEY_UIMainStoryboardFile = Main;
				INFOPLIST_KEY_UISupportedInterfaceOrientations_iPad = "UIInterfaceOrientationPortrait UIInterfaceOrientationPortraitUpsideDown UIInterfaceOrientationLandscapeLeft UIInterfaceOrientationLandscapeRight";
				INFOPLIST_KEY_UISupportedInterfaceOrientations_iPhone = "UIInterfaceOrientationPortrait UIInterfaceOrientationLandscapeLeft UIInterfaceOrientationLandscapeRight";
				LD_RUNPATH_SEARCH_PATHS = (
					"$(inherited)",
					"@executable_path/Frameworks",
				);
				MARKETING_VERSION = 1.0;
				PRODUCT_BUNDLE_IDENTIFIER = jp.issei.ueda.Rise;
				PRODUCT_NAME = "$(TARGET_NAME)";
				SWIFT_EMIT_LOC_STRINGS = YES;
				SWIFT_VERSION = 5.0;
				TARGETED_DEVICE_FAMILY = "1,2";
			};
			name = Release;
		};
/* End XCBuildConfiguration section */

/* Begin XCConfigurationList section */
		B17411F92B0C596F005B90F1 /* Build configuration list for PBXProject "Rise" */ = {
			isa = XCConfigurationList;
			buildConfigurations = (
				B17412102B0C5970005B90F1 /* Debug */,
				B17412112B0C5970005B90F1 /* Release */,
			);
			defaultConfigurationIsVisible = 0;
			defaultConfigurationName = Release;
		};
		B17412122B0C5970005B90F1 /* Build configuration list for PBXNativeTarget "Rise" */ = {
			isa = XCConfigurationList;
			buildConfigurations = (
				B17412132B0C5970005B90F1 /* Debug */,
				B17412142B0C5970005B90F1 /* Release */,
			);
			defaultConfigurationIsVisible = 0;
			defaultConfigurationName = Release;
		};
/* End XCConfigurationList section */
	};
	rootObject = B17411F62B0C596F005B90F1 /* Project object */;
}
